
Microsoft Visual Studio Solution File, Format Version 12.00
# Visual Studio Version 17
VisualStudioVersion = 17.9.34728.123
MinimumVisualStudioVersion = 10.0.40219.1
Project("{2150E333-8FDC-42A3-9474-1A3956D46DE8}") = "_SolutionItems", "_SolutionItems", "{BB584E4B-E05B-420D-88A5-20165CB2F2D1}"
EndProject
Project("{2150E333-8FDC-42A3-9474-1A3956D46DE8}") = "Docker", "Docker", "{1D2CB7EA-D96F-4AEE-8AB4-7722BEA284AC}"
	ProjectSection(SolutionItems) = preProject
		docker\docker-compose.yaml = docker\docker-compose.yaml
	EndProjectSection
EndProject
Project("{9A19103F-16F7-4668-BE54-9A1E7A4F7556}") = "Leashar.WebApi", "src\Leashar.WebApi\Leashar.WebApi.csproj", "{096FF159-5877-4FDD-8D71-281332D2587F}"
EndProject
Project("{2150E333-8FDC-42A3-9474-1A3956D46DE8}") = "Infrastructure", "Infrastructure", "{BAE0066A-32C7-430D-B5C0-FAC2C3E4BFFB}"
EndProject
Project("{2150E333-8FDC-42A3-9474-1A3956D46DE8}") = "Core", "Core", "{361F4710-86B0-4B3C-B1E9-BDADFBFB42C1}"
EndProject
Project("{2150E333-8FDC-42A3-9474-1A3956D46DE8}") = "Databases", "Databases", "{F35D1D4D-B30E-4203-AE8E-2D278BE87ED8}"
EndProject
Project("{2150E333-8FDC-42A3-9474-1A3956D46DE8}") = "Application", "Application", "{D39CD5C0-ED12-4E11-8164-6CDF5F96AC46}"
EndProject
Project("{2150E333-8FDC-42A3-9474-1A3956D46DE8}") = "Presentation", "Presentation", "{4B4A2106-A5F7-41BE-B4DE-7EC01CF34B28}"
EndProject
Project("{2150E333-8FDC-42A3-9474-1A3956D46DE8}") = "Tests", "Tests", "{A53C3D03-BB34-4C13-ABBB-62C8A04D7F2A}"
EndProject
Project("{FAE04EC0-301F-11D3-BF4B-00C04F79EFBC}") = "Leashar.Core", "src\Leashar.Core\Leashar.Core.csproj", "{3088A84A-E599-4E5E-BD17-0033CE8BD50A}"
EndProject
Project("{FAE04EC0-301F-11D3-BF4B-00C04F79EFBC}") = "Leashar.Infrastructure.Database.EF", "src\Leashar.Infrastructure.Database.EF\Leashar.Infrastructure.Database.EF.csproj", "{0A7EACD4-AE24-4678-98A9-FE31E12AA4E9}"
EndProject
Project("{9A19103F-16F7-4668-BE54-9A1E7A4F7556}") = "Leashar.Application", "src\Leashar.Application\Leashar.Application.csproj", "{23848834-51F0-40DC-BDB3-D3200437B49B}"
EndProject
Project("{FAE04EC0-301F-11D3-BF4B-00C04F79EFBC}") = "Leashar.Infrastructure", "src\Leashar.Infrastructure\Leashar.Infrastructure.csproj", "{5CC6FECF-54D4-44DF-A726-AB3B30B3FAC3}"
EndProject
Global
	GlobalSection(SolutionConfigurationPlatforms) = preSolution
		Debug|Any CPU = Debug|Any CPU
		Release|Any CPU = Release|Any CPU
	EndGlobalSection
	GlobalSection(ProjectConfigurationPlatforms) = postSolution
		{096FF159-5877-4FDD-8D71-281332D2587F}.Debug|Any CPU.ActiveCfg = Debug|Any CPU
		{096FF159-5877-4FDD-8D71-281332D2587F}.Debug|Any CPU.Build.0 = Debug|Any CPU
		{096FF159-5877-4FDD-8D71-281332D2587F}.Release|Any CPU.ActiveCfg = Release|Any CPU
		{096FF159-5877-4FDD-8D71-281332D2587F}.Release|Any CPU.Build.0 = Release|Any CPU
		{3088A84A-E599-4E5E-BD17-0033CE8BD50A}.Debug|Any CPU.ActiveCfg = Debug|Any CPU
		{3088A84A-E599-4E5E-BD17-0033CE8BD50A}.Debug|Any CPU.Build.0 = Debug|Any CPU
		{3088A84A-E599-4E5E-BD17-0033CE8BD50A}.Release|Any CPU.ActiveCfg = Release|Any CPU
		{3088A84A-E599-4E5E-BD17-0033CE8BD50A}.Release|Any CPU.Build.0 = Release|Any CPU
		{0A7EACD4-AE24-4678-98A9-FE31E12AA4E9}.Debug|Any CPU.ActiveCfg = Debug|Any CPU
		{0A7EACD4-AE24-4678-98A9-FE31E12AA4E9}.Debug|Any CPU.Build.0 = Debug|Any CPU
		{0A7EACD4-AE24-4678-98A9-FE31E12AA4E9}.Release|Any CPU.ActiveCfg = Release|Any CPU
		{0A7EACD4-AE24-4678-98A9-FE31E12AA4E9}.Release|Any CPU.Build.0 = Release|Any CPU
		{23848834-51F0-40DC-BDB3-D3200437B49B}.Debug|Any CPU.ActiveCfg = Debug|Any CPU
		{23848834-51F0-40DC-BDB3-D3200437B49B}.Debug|Any CPU.Build.0 = Debug|Any CPU
		{23848834-51F0-40DC-BDB3-D3200437B49B}.Release|Any CPU.ActiveCfg = Release|Any CPU
		{23848834-51F0-40DC-BDB3-D3200437B49B}.Release|Any CPU.Build.0 = Release|Any CPU
		{5CC6FECF-54D4-44DF-A726-AB3B30B3FAC3}.Debug|Any CPU.ActiveCfg = Debug|Any CPU
		{5CC6FECF-54D4-44DF-A726-AB3B30B3FAC3}.Debug|Any CPU.Build.0 = Debug|Any CPU
		{5CC6FECF-54D4-44DF-A726-AB3B30B3FAC3}.Release|Any CPU.ActiveCfg = Release|Any CPU
		{5CC6FECF-54D4-44DF-A726-AB3B30B3FAC3}.Release|Any CPU.Build.0 = Release|Any CPU
	EndGlobalSection
	GlobalSection(SolutionProperties) = preSolution
		HideSolutionNode = FALSE
	EndGlobalSection
	GlobalSection(NestedProjects) = preSolution
		{1D2CB7EA-D96F-4AEE-8AB4-7722BEA284AC} = {BB584E4B-E05B-420D-88A5-20165CB2F2D1}
		{096FF159-5877-4FDD-8D71-281332D2587F} = {4B4A2106-A5F7-41BE-B4DE-7EC01CF34B28}
		{F35D1D4D-B30E-4203-AE8E-2D278BE87ED8} = {BAE0066A-32C7-430D-B5C0-FAC2C3E4BFFB}
		{3088A84A-E599-4E5E-BD17-0033CE8BD50A} = {361F4710-86B0-4B3C-B1E9-BDADFBFB42C1}
		{0A7EACD4-AE24-4678-98A9-FE31E12AA4E9} = {F35D1D4D-B30E-4203-AE8E-2D278BE87ED8}
		{23848834-51F0-40DC-BDB3-D3200437B49B} = {D39CD5C0-ED12-4E11-8164-6CDF5F96AC46}
		{5CC6FECF-54D4-44DF-A726-AB3B30B3FAC3} = {BAE0066A-32C7-430D-B5C0-FAC2C3E4BFFB}
	EndGlobalSection
	GlobalSection(ExtensibilityGlobals) = postSolution
		SolutionGuid = {EEF90705-E869-4004-8A88-5753C740964E}
	EndGlobalSection
EndGlobal
