
Microsoft Visual Studio Solution File, Format Version 12.00
Project("{2150E333-8FDC-42A3-9474-1A3956D46DE8}") = "SolutionFolder", "SolutionFolder", "{BB584E4B-E05B-420D-88A5-20165CB2F2D1}"
EndProject
Project("{2150E333-8FDC-42A3-9474-1A3956D46DE8}") = "Docker", "Docker", "{1D2CB7EA-D96F-4AEE-8AB4-7722BEA284AC}"
	ProjectSection(SolutionItems) = preProject
		docker\docker-compose.yaml = docker\docker-compose.yaml
	EndProjectSection
EndProject
Project("{2150E333-8FDC-42A3-9474-1A3956D46DE8}") = "src", "src", "{8D01CE34-F086-48EB-9741-D3A60430F992}"
EndProject
Global
	GlobalSection(SolutionConfigurationPlatforms) = preSolution
		Debug|Any CPU = Debug|Any CPU
		Release|Any CPU = Release|Any CPU
	EndGlobalSection
	GlobalSection(ProjectConfigurationPlatforms) = postSolution
	EndGlobalSection
	GlobalSection(NestedProjects) = preSolution
		{1D2CB7EA-D96F-4AEE-8AB4-7722BEA284AC} = {BB584E4B-E05B-420D-88A5-20165CB2F2D1}
	EndGlobalSection
EndGlobal
